
Microsoft Visual Studio Solution File, Format Version 12.00
# Visual Studio Version 16
VisualStudioVersion = 16.0.29613.14
MinimumVisualStudioVersion = 10.0.40219.1
Project("{FAE04EC0-301F-11D3-BF4B-00C04F79EFBC}") = "ConsoleApp", "ConsoleApp\ConsoleApp.csproj", "{93A50314-3D30-4F16-9A87-0FCFFF7C417C}"
EndProject
Project("{FAE04EC0-301F-11D3-BF4B-00C04F79EFBC}") = "Application", "Application\Application.csproj", "{45F8A8F2-B488-478A-A871-8115894425F5}"
EndProject
Project("{FAE04EC0-301F-11D3-BF4B-00C04F79EFBC}") = "ConsoleApp.Tests", "ConsoleApp.Tests\ConsoleApp.Tests.csproj", "{2B4CF1A9-F146-4A78-ADE5-891F77881D59}"
EndProject
Project("{FAE04EC0-301F-11D3-BF4B-00C04F79EFBC}") = "Application.Tests", "Application.Tests\Application.Tests.csproj", "{FEDBE5B2-5A8A-4934-8626-3E93F6981292}"
EndProject
Project("{2150E333-8FDC-42A3-9474-1A3956D46DE8}") = "1 - ConsoleApp", "1 - ConsoleApp", "{960F0DB8-C0D4-4115-B9A9-4BBEF3864A85}"
EndProject
Project("{2150E333-8FDC-42A3-9474-1A3956D46DE8}") = "2 - Application", "2 - Application", "{10D0FFFC-C71A-4137-98A3-AC6ABC1EB1EB}"
EndProject
Project("{2150E333-8FDC-42A3-9474-1A3956D46DE8}") = "4 - Interface", "4 - Interface", "{6F043371-E8A5-49C4-B38F-D53E58A4E0E3}"
EndProject
Project("{FAE04EC0-301F-11D3-BF4B-00C04F79EFBC}") = "Domain", "Domain\Domain.csproj", "{7C9008E1-8771-4C65-8A3D-DB9479316693}"
EndProject
Project("{FAE04EC0-301F-11D3-BF4B-00C04F79EFBC}") = "Domain.Tests", "Domain.Tests\Domain.Tests.csproj", "{A7BD92C3-C3E1-46B2-AC86-7D57EB8CC671}"
EndProject
Project("{2150E333-8FDC-42A3-9474-1A3956D46DE8}") = "3 - Domain", "3 - Domain", "{6B7309C1-05ED-4372-A120-661EDF0F6336}"
EndProject
Project("{FAE04EC0-301F-11D3-BF4B-00C04F79EFBC}") = "Helpers", "Helpers\Helpers.csproj", "{68799DFC-35FD-45DE-9FBB-15F58A3DDBD7}"
EndProject
Project("{2150E333-8FDC-42A3-9474-1A3956D46DE8}") = "5 - Helpers", "5 - Helpers", "{E976DB64-DAA7-498A-B6E8-BBDA76CDCEA3}"
EndProject
Project("{FAE04EC0-301F-11D3-BF4B-00C04F79EFBC}") = "Helpers.Tests", "Helpers.Tests\Helpers.Tests.csproj", "{6EA2EFEC-7216-48CE-BCBD-1911C0A59232}"
EndProject
Project("{9A19103F-16F7-4668-BE54-9A1E7A4F7556}") = "InterfaceLayer", "InterfaceLayer\InterfaceLayer.csproj", "{09D43335-0BC4-470F-BD92-89056D49EA5D}"
EndProject
Global
	GlobalSection(SolutionConfigurationPlatforms) = preSolution
		Debug|Any CPU = Debug|Any CPU
		Release|Any CPU = Release|Any CPU
	EndGlobalSection
	GlobalSection(ProjectConfigurationPlatforms) = postSolution
		{93A50314-3D30-4F16-9A87-0FCFFF7C417C}.Debug|Any CPU.ActiveCfg = Debug|Any CPU
		{93A50314-3D30-4F16-9A87-0FCFFF7C417C}.Debug|Any CPU.Build.0 = Debug|Any CPU
		{93A50314-3D30-4F16-9A87-0FCFFF7C417C}.Release|Any CPU.ActiveCfg = Release|Any CPU
		{93A50314-3D30-4F16-9A87-0FCFFF7C417C}.Release|Any CPU.Build.0 = Release|Any CPU
		{45F8A8F2-B488-478A-A871-8115894425F5}.Debug|Any CPU.ActiveCfg = Debug|Any CPU
		{45F8A8F2-B488-478A-A871-8115894425F5}.Debug|Any CPU.Build.0 = Debug|Any CPU
		{45F8A8F2-B488-478A-A871-8115894425F5}.Release|Any CPU.ActiveCfg = Release|Any CPU
		{45F8A8F2-B488-478A-A871-8115894425F5}.Release|Any CPU.Build.0 = Release|Any CPU
		{2B4CF1A9-F146-4A78-ADE5-891F77881D59}.Debug|Any CPU.ActiveCfg = Debug|Any CPU
		{2B4CF1A9-F146-4A78-ADE5-891F77881D59}.Debug|Any CPU.Build.0 = Debug|Any CPU
		{2B4CF1A9-F146-4A78-ADE5-891F77881D59}.Release|Any CPU.ActiveCfg = Release|Any CPU
		{2B4CF1A9-F146-4A78-ADE5-891F77881D59}.Release|Any CPU.Build.0 = Release|Any CPU
		{FEDBE5B2-5A8A-4934-8626-3E93F6981292}.Debug|Any CPU.ActiveCfg = Debug|Any CPU
		{FEDBE5B2-5A8A-4934-8626-3E93F6981292}.Debug|Any CPU.Build.0 = Debug|Any CPU
		{FEDBE5B2-5A8A-4934-8626-3E93F6981292}.Release|Any CPU.ActiveCfg = Release|Any CPU
		{FEDBE5B2-5A8A-4934-8626-3E93F6981292}.Release|Any CPU.Build.0 = Release|Any CPU
		{7C9008E1-8771-4C65-8A3D-DB9479316693}.Debug|Any CPU.ActiveCfg = Debug|Any CPU
		{7C9008E1-8771-4C65-8A3D-DB9479316693}.Debug|Any CPU.Build.0 = Debug|Any CPU
		{7C9008E1-8771-4C65-8A3D-DB9479316693}.Release|Any CPU.ActiveCfg = Release|Any CPU
		{7C9008E1-8771-4C65-8A3D-DB9479316693}.Release|Any CPU.Build.0 = Release|Any CPU
		{A7BD92C3-C3E1-46B2-AC86-7D57EB8CC671}.Debug|Any CPU.ActiveCfg = Debug|Any CPU
		{A7BD92C3-C3E1-46B2-AC86-7D57EB8CC671}.Debug|Any CPU.Build.0 = Debug|Any CPU
		{A7BD92C3-C3E1-46B2-AC86-7D57EB8CC671}.Release|Any CPU.ActiveCfg = Release|Any CPU
		{A7BD92C3-C3E1-46B2-AC86-7D57EB8CC671}.Release|Any CPU.Build.0 = Release|Any CPU
		{68799DFC-35FD-45DE-9FBB-15F58A3DDBD7}.Debug|Any CPU.ActiveCfg = Debug|Any CPU
		{68799DFC-35FD-45DE-9FBB-15F58A3DDBD7}.Debug|Any CPU.Build.0 = Debug|Any CPU
		{68799DFC-35FD-45DE-9FBB-15F58A3DDBD7}.Release|Any CPU.ActiveCfg = Release|Any CPU
		{68799DFC-35FD-45DE-9FBB-15F58A3DDBD7}.Release|Any CPU.Build.0 = Release|Any CPU
		{6EA2EFEC-7216-48CE-BCBD-1911C0A59232}.Debug|Any CPU.ActiveCfg = Debug|Any CPU
		{6EA2EFEC-7216-48CE-BCBD-1911C0A59232}.Debug|Any CPU.Build.0 = Debug|Any CPU
		{6EA2EFEC-7216-48CE-BCBD-1911C0A59232}.Release|Any CPU.ActiveCfg = Release|Any CPU
		{6EA2EFEC-7216-48CE-BCBD-1911C0A59232}.Release|Any CPU.Build.0 = Release|Any CPU
		{09D43335-0BC4-470F-BD92-89056D49EA5D}.Debug|Any CPU.ActiveCfg = Debug|Any CPU
		{09D43335-0BC4-470F-BD92-89056D49EA5D}.Debug|Any CPU.Build.0 = Debug|Any CPU
		{09D43335-0BC4-470F-BD92-89056D49EA5D}.Release|Any CPU.ActiveCfg = Release|Any CPU
		{09D43335-0BC4-470F-BD92-89056D49EA5D}.Release|Any CPU.Build.0 = Release|Any CPU
	EndGlobalSection
	GlobalSection(SolutionProperties) = preSolution
		HideSolutionNode = FALSE
	EndGlobalSection
	GlobalSection(NestedProjects) = preSolution
		{93A50314-3D30-4F16-9A87-0FCFFF7C417C} = {960F0DB8-C0D4-4115-B9A9-4BBEF3864A85}
		{45F8A8F2-B488-478A-A871-8115894425F5} = {10D0FFFC-C71A-4137-98A3-AC6ABC1EB1EB}
		{2B4CF1A9-F146-4A78-ADE5-891F77881D59} = {960F0DB8-C0D4-4115-B9A9-4BBEF3864A85}
		{FEDBE5B2-5A8A-4934-8626-3E93F6981292} = {10D0FFFC-C71A-4137-98A3-AC6ABC1EB1EB}
		{7C9008E1-8771-4C65-8A3D-DB9479316693} = {6B7309C1-05ED-4372-A120-661EDF0F6336}
		{A7BD92C3-C3E1-46B2-AC86-7D57EB8CC671} = {6B7309C1-05ED-4372-A120-661EDF0F6336}
		{68799DFC-35FD-45DE-9FBB-15F58A3DDBD7} = {E976DB64-DAA7-498A-B6E8-BBDA76CDCEA3}
		{6EA2EFEC-7216-48CE-BCBD-1911C0A59232} = {E976DB64-DAA7-498A-B6E8-BBDA76CDCEA3}
		{09D43335-0BC4-470F-BD92-89056D49EA5D} = {6F043371-E8A5-49C4-B38F-D53E58A4E0E3}
	EndGlobalSection
	GlobalSection(ExtensibilityGlobals) = postSolution
		SolutionGuid = {A168FC53-68C0-437D-8C1A-9C716BB58A9E}
	EndGlobalSection
EndGlobal
